
Microsoft Visual Studio Solution File, Format Version 12.00
# Visual Studio 14
VisualStudioVersion = 14.0.25420.1
MinimumVisualStudioVersion = 10.0.40219.1
Project("{8BC9CEB8-8B4A-11D0-8D11-00A0C91BC942}") = "Проект1", "Проект1\Проект1.vcxproj", "{3157DD44-7BFB-4E45-891E-ADC029F23415}"
EndProject
Project("{8BC9CEB8-8B4A-11D0-8D11-00A0C91BC942}") = "Проект2", "Проект2\Проект2.vcxproj", "{F1250916-8C01-4FD1-A6A5-96FC871022F2}"
EndProject
Project("{8BC9CEB8-8B4A-11D0-8D11-00A0C91BC942}") = "Проект3", "Проект3\Проект3.vcxproj", "{2B155FAF-5131-4C91-B7AE-F06EA2405139}"
EndProject
Project("{8BC9CEB8-8B4A-11D0-8D11-00A0C91BC942}") = "Проект4", "Проект4\Проект4.vcxproj", "{3A8A9D04-8F4F-4FE3-AA65-A0DA0EB3039D}"
EndProject
Project("{8BC9CEB8-8B4A-11D0-8D11-00A0C91BC942}") = "Lab 1-1a", "Lab 1-1a\Lab 1-1a.vcxproj", "{BF746212-4CD8-41BD-8111-0DCC7D23F252}"
EndProject
Project("{8BC9CEB8-8B4A-11D0-8D11-00A0C91BC942}") = "Lab 2", "Lab 2\Lab 2.vcxproj", "{643974E8-B574-4106-8E96-44FC7D424AD1}"
EndProject
Project("{8BC9CEB8-8B4A-11D0-8D11-00A0C91BC942}") = "Lab 3", "Lab 3\Lab 3.vcxproj", "{F3D5EDE4-A455-4A57-B4B9-4FBF4BCB1505}"
EndProject
Project("{8BC9CEB8-8B4A-11D0-8D11-00A0C91BC942}") = "Lab 4", "Lab 4\Lab 4.vcxproj", "{D6402C21-2FEB-40AB-B57F-8CFBB1CC7C2F}"
EndProject
Project("{8BC9CEB8-8B4A-11D0-8D11-00A0C91BC942}") = "Lab 5", "Lab 5\Lab 5.vcxproj", "{6DA6C643-EFF5-4BAE-BCB2-1036C1F9CFBD}"
EndProject
Project("{8BC9CEB8-8B4A-11D0-8D11-00A0C91BC942}") = "Lab 6", "Lab 6\Lab 6.vcxproj", "{C12142E9-6859-4141-ADBA-C36A8436AFA5}"
EndProject
Project("{8BC9CEB8-8B4A-11D0-8D11-00A0C91BC942}") = "Lab 7", "Lab 7\Lab 7.vcxproj", "{675BC732-4B7F-418C-9B2D-18E1525D215D}"
EndProject
Project("{8BC9CEB8-8B4A-11D0-8D11-00A0C91BC942}") = "Lab 8", "Lab 8\Lab 8.vcxproj", "{45A913CB-F206-4A87-BAAF-984CF48120B5}"
EndProject
Project("{8BC9CEB8-8B4A-11D0-8D11-00A0C91BC942}") = "Lab 9-10", "Lab 9-10\Lab 9-10.vcxproj", "{7350B417-86B9-4F40-A795-5DA67BDAFD7F}"
EndProject
Project("{8BC9CEB8-8B4A-11D0-8D11-00A0C91BC942}") = "Lab 11", "Lab 11\Lab 11.vcxproj", "{20A73299-6CE1-4ADA-83EC-DC0D39DE8FB1}"
EndProject
Project("{8BC9CEB8-8B4A-11D0-8D11-00A0C91BC942}") = "Lab 12", "Lab 12\Lab 12.vcxproj", "{6FFE94BF-A32F-4083-B259-E5759DCA14EE}"
EndProject
Project("{8BC9CEB8-8B4A-11D0-8D11-00A0C91BC942}") = "Lab 13", "Lab 13\Lab 13.vcxproj", "{B88B3962-F2F5-464A-BE90-0C2BEB52BC78}"
EndProject
Global
	GlobalSection(SolutionConfigurationPlatforms) = preSolution
		Debug|x64 = Debug|x64
		Debug|x86 = Debug|x86
		Release|x64 = Release|x64
		Release|x86 = Release|x86
	EndGlobalSection
	GlobalSection(ProjectConfigurationPlatforms) = postSolution
		{3157DD44-7BFB-4E45-891E-ADC029F23415}.Debug|x64.ActiveCfg = Debug|x64
		{3157DD44-7BFB-4E45-891E-ADC029F23415}.Debug|x64.Build.0 = Debug|x64
		{3157DD44-7BFB-4E45-891E-ADC029F23415}.Debug|x86.ActiveCfg = Debug|Win32
		{3157DD44-7BFB-4E45-891E-ADC029F23415}.Debug|x86.Build.0 = Debug|Win32
		{3157DD44-7BFB-4E45-891E-ADC029F23415}.Release|x64.ActiveCfg = Release|x64
		{3157DD44-7BFB-4E45-891E-ADC029F23415}.Release|x64.Build.0 = Release|x64
		{3157DD44-7BFB-4E45-891E-ADC029F23415}.Release|x86.ActiveCfg = Release|Win32
		{3157DD44-7BFB-4E45-891E-ADC029F23415}.Release|x86.Build.0 = Release|Win32
		{F1250916-8C01-4FD1-A6A5-96FC871022F2}.Debug|x64.ActiveCfg = Debug|x64
		{F1250916-8C01-4FD1-A6A5-96FC871022F2}.Debug|x64.Build.0 = Debug|x64
		{F1250916-8C01-4FD1-A6A5-96FC871022F2}.Debug|x86.ActiveCfg = Debug|Win32
		{F1250916-8C01-4FD1-A6A5-96FC871022F2}.Debug|x86.Build.0 = Debug|Win32
		{F1250916-8C01-4FD1-A6A5-96FC871022F2}.Release|x64.ActiveCfg = Release|x64
		{F1250916-8C01-4FD1-A6A5-96FC871022F2}.Release|x64.Build.0 = Release|x64
		{F1250916-8C01-4FD1-A6A5-96FC871022F2}.Release|x86.ActiveCfg = Release|Win32
		{F1250916-8C01-4FD1-A6A5-96FC871022F2}.Release|x86.Build.0 = Release|Win32
		{2B155FAF-5131-4C91-B7AE-F06EA2405139}.Debug|x64.ActiveCfg = Debug|x64
		{2B155FAF-5131-4C91-B7AE-F06EA2405139}.Debug|x64.Build.0 = Debug|x64
		{2B155FAF-5131-4C91-B7AE-F06EA2405139}.Debug|x86.ActiveCfg = Debug|Win32
		{2B155FAF-5131-4C91-B7AE-F06EA2405139}.Debug|x86.Build.0 = Debug|Win32
		{2B155FAF-5131-4C91-B7AE-F06EA2405139}.Release|x64.ActiveCfg = Release|x64
		{2B155FAF-5131-4C91-B7AE-F06EA2405139}.Release|x64.Build.0 = Release|x64
		{2B155FAF-5131-4C91-B7AE-F06EA2405139}.Release|x86.ActiveCfg = Release|Win32
		{2B155FAF-5131-4C91-B7AE-F06EA2405139}.Release|x86.Build.0 = Release|Win32
		{3A8A9D04-8F4F-4FE3-AA65-A0DA0EB3039D}.Debug|x64.ActiveCfg = Debug|x64
		{3A8A9D04-8F4F-4FE3-AA65-A0DA0EB3039D}.Debug|x64.Build.0 = Debug|x64
		{3A8A9D04-8F4F-4FE3-AA65-A0DA0EB3039D}.Debug|x86.ActiveCfg = Debug|Win32
		{3A8A9D04-8F4F-4FE3-AA65-A0DA0EB3039D}.Debug|x86.Build.0 = Debug|Win32
		{3A8A9D04-8F4F-4FE3-AA65-A0DA0EB3039D}.Release|x64.ActiveCfg = Release|x64
		{3A8A9D04-8F4F-4FE3-AA65-A0DA0EB3039D}.Release|x64.Build.0 = Release|x64
		{3A8A9D04-8F4F-4FE3-AA65-A0DA0EB3039D}.Release|x86.ActiveCfg = Release|Win32
		{3A8A9D04-8F4F-4FE3-AA65-A0DA0EB3039D}.Release|x86.Build.0 = Release|Win32
		{BF746212-4CD8-41BD-8111-0DCC7D23F252}.Debug|x64.ActiveCfg = Debug|x64
		{BF746212-4CD8-41BD-8111-0DCC7D23F252}.Debug|x64.Build.0 = Debug|x64
		{BF746212-4CD8-41BD-8111-0DCC7D23F252}.Debug|x86.ActiveCfg = Debug|Win32
		{BF746212-4CD8-41BD-8111-0DCC7D23F252}.Debug|x86.Build.0 = Debug|Win32
		{BF746212-4CD8-41BD-8111-0DCC7D23F252}.Release|x64.ActiveCfg = Release|x64
		{BF746212-4CD8-41BD-8111-0DCC7D23F252}.Release|x64.Build.0 = Release|x64
		{BF746212-4CD8-41BD-8111-0DCC7D23F252}.Release|x86.ActiveCfg = Release|Win32
		{BF746212-4CD8-41BD-8111-0DCC7D23F252}.Release|x86.Build.0 = Release|Win32
		{643974E8-B574-4106-8E96-44FC7D424AD1}.Debug|x64.ActiveCfg = Debug|x64
		{643974E8-B574-4106-8E96-44FC7D424AD1}.Debug|x64.Build.0 = Debug|x64
		{643974E8-B574-4106-8E96-44FC7D424AD1}.Debug|x86.ActiveCfg = Debug|Win32
		{643974E8-B574-4106-8E96-44FC7D424AD1}.Debug|x86.Build.0 = Debug|Win32
		{643974E8-B574-4106-8E96-44FC7D424AD1}.Release|x64.ActiveCfg = Release|x64
		{643974E8-B574-4106-8E96-44FC7D424AD1}.Release|x64.Build.0 = Release|x64
		{643974E8-B574-4106-8E96-44FC7D424AD1}.Release|x86.ActiveCfg = Release|Win32
		{643974E8-B574-4106-8E96-44FC7D424AD1}.Release|x86.Build.0 = Release|Win32
		{F3D5EDE4-A455-4A57-B4B9-4FBF4BCB1505}.Debug|x64.ActiveCfg = Debug|x64
		{F3D5EDE4-A455-4A57-B4B9-4FBF4BCB1505}.Debug|x64.Build.0 = Debug|x64
		{F3D5EDE4-A455-4A57-B4B9-4FBF4BCB1505}.Debug|x86.ActiveCfg = Debug|Win32
		{F3D5EDE4-A455-4A57-B4B9-4FBF4BCB1505}.Debug|x86.Build.0 = Debug|Win32
		{F3D5EDE4-A455-4A57-B4B9-4FBF4BCB1505}.Release|x64.ActiveCfg = Release|x64
		{F3D5EDE4-A455-4A57-B4B9-4FBF4BCB1505}.Release|x64.Build.0 = Release|x64
		{F3D5EDE4-A455-4A57-B4B9-4FBF4BCB1505}.Release|x86.ActiveCfg = Release|Win32
		{F3D5EDE4-A455-4A57-B4B9-4FBF4BCB1505}.Release|x86.Build.0 = Release|Win32
		{D6402C21-2FEB-40AB-B57F-8CFBB1CC7C2F}.Debug|x64.ActiveCfg = Debug|x64
		{D6402C21-2FEB-40AB-B57F-8CFBB1CC7C2F}.Debug|x64.Build.0 = Debug|x64
		{D6402C21-2FEB-40AB-B57F-8CFBB1CC7C2F}.Debug|x86.ActiveCfg = Debug|Win32
		{D6402C21-2FEB-40AB-B57F-8CFBB1CC7C2F}.Debug|x86.Build.0 = Debug|Win32
		{D6402C21-2FEB-40AB-B57F-8CFBB1CC7C2F}.Release|x64.ActiveCfg = Release|x64
		{D6402C21-2FEB-40AB-B57F-8CFBB1CC7C2F}.Release|x64.Build.0 = Release|x64
		{D6402C21-2FEB-40AB-B57F-8CFBB1CC7C2F}.Release|x86.ActiveCfg = Release|Win32
		{D6402C21-2FEB-40AB-B57F-8CFBB1CC7C2F}.Release|x86.Build.0 = Release|Win32
		{6DA6C643-EFF5-4BAE-BCB2-1036C1F9CFBD}.Debug|x64.ActiveCfg = Debug|x64
		{6DA6C643-EFF5-4BAE-BCB2-1036C1F9CFBD}.Debug|x64.Build.0 = Debug|x64
		{6DA6C643-EFF5-4BAE-BCB2-1036C1F9CFBD}.Debug|x86.ActiveCfg = Debug|Win32
		{6DA6C643-EFF5-4BAE-BCB2-1036C1F9CFBD}.Debug|x86.Build.0 = Debug|Win32
		{6DA6C643-EFF5-4BAE-BCB2-1036C1F9CFBD}.Release|x64.ActiveCfg = Release|x64
		{6DA6C643-EFF5-4BAE-BCB2-1036C1F9CFBD}.Release|x64.Build.0 = Release|x64
		{6DA6C643-EFF5-4BAE-BCB2-1036C1F9CFBD}.Release|x86.ActiveCfg = Release|Win32
		{6DA6C643-EFF5-4BAE-BCB2-1036C1F9CFBD}.Release|x86.Build.0 = Release|Win32
		{C12142E9-6859-4141-ADBA-C36A8436AFA5}.Debug|x64.ActiveCfg = Debug|x64
		{C12142E9-6859-4141-ADBA-C36A8436AFA5}.Debug|x64.Build.0 = Debug|x64
		{C12142E9-6859-4141-ADBA-C36A8436AFA5}.Debug|x86.ActiveCfg = Debug|Win32
		{C12142E9-6859-4141-ADBA-C36A8436AFA5}.Debug|x86.Build.0 = Debug|Win32
		{C12142E9-6859-4141-ADBA-C36A8436AFA5}.Release|x64.ActiveCfg = Release|x64
		{C12142E9-6859-4141-ADBA-C36A8436AFA5}.Release|x64.Build.0 = Release|x64
		{C12142E9-6859-4141-ADBA-C36A8436AFA5}.Release|x86.ActiveCfg = Release|Win32
		{C12142E9-6859-4141-ADBA-C36A8436AFA5}.Release|x86.Build.0 = Release|Win32
		{675BC732-4B7F-418C-9B2D-18E1525D215D}.Debug|x64.ActiveCfg = Debug|x64
		{675BC732-4B7F-418C-9B2D-18E1525D215D}.Debug|x64.Build.0 = Debug|x64
		{675BC732-4B7F-418C-9B2D-18E1525D215D}.Debug|x86.ActiveCfg = Debug|Win32
		{675BC732-4B7F-418C-9B2D-18E1525D215D}.Debug|x86.Build.0 = Debug|Win32
		{675BC732-4B7F-418C-9B2D-18E1525D215D}.Release|x64.ActiveCfg = Release|x64
		{675BC732-4B7F-418C-9B2D-18E1525D215D}.Release|x64.Build.0 = Release|x64
		{675BC732-4B7F-418C-9B2D-18E1525D215D}.Release|x86.ActiveCfg = Release|Win32
		{675BC732-4B7F-418C-9B2D-18E1525D215D}.Release|x86.Build.0 = Release|Win32
		{45A913CB-F206-4A87-BAAF-984CF48120B5}.Debug|x64.ActiveCfg = Debug|x64
		{45A913CB-F206-4A87-BAAF-984CF48120B5}.Debug|x64.Build.0 = Debug|x64
		{45A913CB-F206-4A87-BAAF-984CF48120B5}.Debug|x86.ActiveCfg = Debug|Win32
		{45A913CB-F206-4A87-BAAF-984CF48120B5}.Debug|x86.Build.0 = Debug|Win32
		{45A913CB-F206-4A87-BAAF-984CF48120B5}.Release|x64.ActiveCfg = Release|x64
		{45A913CB-F206-4A87-BAAF-984CF48120B5}.Release|x64.Build.0 = Release|x64
		{45A913CB-F206-4A87-BAAF-984CF48120B5}.Release|x86.ActiveCfg = Release|Win32
		{45A913CB-F206-4A87-BAAF-984CF48120B5}.Release|x86.Build.0 = Release|Win32
		{7350B417-86B9-4F40-A795-5DA67BDAFD7F}.Debug|x64.ActiveCfg = Debug|Win32
		{7350B417-86B9-4F40-A795-5DA67BDAFD7F}.Debug|x86.ActiveCfg = Debug|Win32
		{7350B417-86B9-4F40-A795-5DA67BDAFD7F}.Debug|x86.Build.0 = Debug|Win32
		{7350B417-86B9-4F40-A795-5DA67BDAFD7F}.Release|x64.ActiveCfg = Release|Win32
		{7350B417-86B9-4F40-A795-5DA67BDAFD7F}.Release|x86.ActiveCfg = Release|Win32
		{7350B417-86B9-4F40-A795-5DA67BDAFD7F}.Release|x86.Build.0 = Release|Win32
		{20A73299-6CE1-4ADA-83EC-DC0D39DE8FB1}.Debug|x64.ActiveCfg = Debug|Win32
		{20A73299-6CE1-4ADA-83EC-DC0D39DE8FB1}.Debug|x86.ActiveCfg = Debug|Win32
		{20A73299-6CE1-4ADA-83EC-DC0D39DE8FB1}.Debug|x86.Build.0 = Debug|Win32
		{20A73299-6CE1-4ADA-83EC-DC0D39DE8FB1}.Release|x64.ActiveCfg = Release|Win32
		{20A73299-6CE1-4ADA-83EC-DC0D39DE8FB1}.Release|x86.ActiveCfg = Release|Win32
		{20A73299-6CE1-4ADA-83EC-DC0D39DE8FB1}.Release|x86.Build.0 = Release|Win32
		{6FFE94BF-A32F-4083-B259-E5759DCA14EE}.Debug|x64.ActiveCfg = Debug|x64
		{6FFE94BF-A32F-4083-B259-E5759DCA14EE}.Debug|x64.Build.0 = Debug|x64
		{6FFE94BF-A32F-4083-B259-E5759DCA14EE}.Debug|x86.ActiveCfg = Debug|Win32
		{6FFE94BF-A32F-4083-B259-E5759DCA14EE}.Debug|x86.Build.0 = Debug|Win32
		{6FFE94BF-A32F-4083-B259-E5759DCA14EE}.Release|x64.ActiveCfg = Release|x64
		{6FFE94BF-A32F-4083-B259-E5759DCA14EE}.Release|x64.Build.0 = Release|x64
		{6FFE94BF-A32F-4083-B259-E5759DCA14EE}.Release|x86.ActiveCfg = Release|Win32
		{6FFE94BF-A32F-4083-B259-E5759DCA14EE}.Release|x86.Build.0 = Release|Win32
		{B88B3962-F2F5-464A-BE90-0C2BEB52BC78}.Debug|x64.ActiveCfg = Debug|x64
		{B88B3962-F2F5-464A-BE90-0C2BEB52BC78}.Debug|x64.Build.0 = Debug|x64
		{B88B3962-F2F5-464A-BE90-0C2BEB52BC78}.Debug|x86.ActiveCfg = Debug|Win32
		{B88B3962-F2F5-464A-BE90-0C2BEB52BC78}.Debug|x86.Build.0 = Debug|Win32
		{B88B3962-F2F5-464A-BE90-0C2BEB52BC78}.Release|x64.ActiveCfg = Release|x64
		{B88B3962-F2F5-464A-BE90-0C2BEB52BC78}.Release|x64.Build.0 = Release|x64
		{B88B3962-F2F5-464A-BE90-0C2BEB52BC78}.Release|x86.ActiveCfg = Release|Win32
		{B88B3962-F2F5-464A-BE90-0C2BEB52BC78}.Release|x86.Build.0 = Release|Win32
	EndGlobalSection
	GlobalSection(SolutionProperties) = preSolution
		HideSolutionNode = FALSE
	EndGlobalSection
EndGlobal
